
Microsoft Visual Studio Solution File, Format Version 12.00
# Visual Studio Version 17
VisualStudioVersion = 17.8.34316.72
MinimumVisualStudioVersion = 10.0.40219.1
Project("{9A19103F-16F7-4668-BE54-9A1E7A4F7556}") = "lesson1", "lesson1\lesson1.csproj", "{4F443FE5-2A6D-4617-8718-C6EEBFD3D600}"
EndProject
Project("{9A19103F-16F7-4668-BE54-9A1E7A4F7556}") = "lesson2", "lesson2\lesson2.csproj", "{39270D6F-6E0B-481D-8B2D-270608C24588}"
EndProject
Project("{9A19103F-16F7-4668-BE54-9A1E7A4F7556}") = "lesson3", "lesson3\lesson3.csproj", "{FA060989-FAB7-4D9F-9939-2C62613AD637}"
EndProject
Project("{2150E333-8FDC-42A3-9474-1A3956D46DE8}") = "lessons", "lessons", "{79C29C82-4DC8-4112-898C-8C4EDE8EBA2A}"
EndProject
Project("{9A19103F-16F7-4668-BE54-9A1E7A4F7556}") = "lesson4(стек и управляемая куча)", "lesson4(стек и управляемая куча)\lesson4(стек и управляемая куча).csproj", "{5308E74F-3676-4D32-A900-BBA9BB421996}"
EndProject
Project("{9A19103F-16F7-4668-BE54-9A1E7A4F7556}") = "lesson5(Implicit and wxplicit casting_BoxingUnboxing)", "lesson5(Implicit and wxplicit casting_BoxingUnboxing)\lesson5(Implicit and wxplicit casting_BoxingUnboxing).csproj", "{4E56D23F-6C8A-41ED-B2C4-7B9099EF0F74}"
EndProject
Project("{9A19103F-16F7-4668-BE54-9A1E7A4F7556}") = "lesson6(enum)", "lesson6(enum)\lesson6(enum).csproj", "{3E47AE60-ACBA-4581-A91A-81B30F04CE08}"
EndProject
Project("{9A19103F-16F7-4668-BE54-9A1E7A4F7556}") = "lesson7(Array)", "lesson7(Array)\lesson7(Array).csproj", "{B99C7D0E-E02E-46FF-96F2-C28B0408A3A5}"
EndProject
Project("{9A19103F-16F7-4668-BE54-9A1E7A4F7556}") = "lesson8(тернарный оператор и операторы сравнения)", "lesson8(тернарный оператор и операторы сравнения)\lesson8(тернарный оператор и операторы сравнения).csproj", "{7AA94208-C9E6-46A2-A54D-D2DCE1F7DDA6}"
EndProject
Project("{9A19103F-16F7-4668-BE54-9A1E7A4F7556}") = "lesson10", "lesson10\lesson10.csproj", "{11C85E7F-E1F7-4524-A29B-B61469B0FFF8}"
EndProject
Project("{FAE04EC0-301F-11D3-BF4B-00C04F79EFBC}") = "lesson11(properties)", "lesson11(properties)\lesson11(properties).csproj", "{CFAB82BA-BAAF-469A-B813-3BA9590AA83E}"
EndProject
Global
	GlobalSection(SolutionConfigurationPlatforms) = preSolution
		Debug|Any CPU = Debug|Any CPU
		Release|Any CPU = Release|Any CPU
	EndGlobalSection
	GlobalSection(ProjectConfigurationPlatforms) = postSolution
		{4F443FE5-2A6D-4617-8718-C6EEBFD3D600}.Debug|Any CPU.ActiveCfg = Debug|Any CPU
		{4F443FE5-2A6D-4617-8718-C6EEBFD3D600}.Debug|Any CPU.Build.0 = Debug|Any CPU
		{4F443FE5-2A6D-4617-8718-C6EEBFD3D600}.Release|Any CPU.ActiveCfg = Release|Any CPU
		{4F443FE5-2A6D-4617-8718-C6EEBFD3D600}.Release|Any CPU.Build.0 = Release|Any CPU
		{39270D6F-6E0B-481D-8B2D-270608C24588}.Debug|Any CPU.ActiveCfg = Debug|Any CPU
		{39270D6F-6E0B-481D-8B2D-270608C24588}.Debug|Any CPU.Build.0 = Debug|Any CPU
		{39270D6F-6E0B-481D-8B2D-270608C24588}.Release|Any CPU.ActiveCfg = Release|Any CPU
		{39270D6F-6E0B-481D-8B2D-270608C24588}.Release|Any CPU.Build.0 = Release|Any CPU
		{FA060989-FAB7-4D9F-9939-2C62613AD637}.Debug|Any CPU.ActiveCfg = Debug|Any CPU
		{FA060989-FAB7-4D9F-9939-2C62613AD637}.Debug|Any CPU.Build.0 = Debug|Any CPU
		{FA060989-FAB7-4D9F-9939-2C62613AD637}.Release|Any CPU.ActiveCfg = Release|Any CPU
		{FA060989-FAB7-4D9F-9939-2C62613AD637}.Release|Any CPU.Build.0 = Release|Any CPU
		{5308E74F-3676-4D32-A900-BBA9BB421996}.Debug|Any CPU.ActiveCfg = Debug|Any CPU
		{5308E74F-3676-4D32-A900-BBA9BB421996}.Debug|Any CPU.Build.0 = Debug|Any CPU
		{5308E74F-3676-4D32-A900-BBA9BB421996}.Release|Any CPU.ActiveCfg = Release|Any CPU
		{5308E74F-3676-4D32-A900-BBA9BB421996}.Release|Any CPU.Build.0 = Release|Any CPU
		{4E56D23F-6C8A-41ED-B2C4-7B9099EF0F74}.Debug|Any CPU.ActiveCfg = Debug|Any CPU
		{4E56D23F-6C8A-41ED-B2C4-7B9099EF0F74}.Debug|Any CPU.Build.0 = Debug|Any CPU
		{4E56D23F-6C8A-41ED-B2C4-7B9099EF0F74}.Release|Any CPU.ActiveCfg = Release|Any CPU
		{4E56D23F-6C8A-41ED-B2C4-7B9099EF0F74}.Release|Any CPU.Build.0 = Release|Any CPU
		{3E47AE60-ACBA-4581-A91A-81B30F04CE08}.Debug|Any CPU.ActiveCfg = Debug|Any CPU
		{3E47AE60-ACBA-4581-A91A-81B30F04CE08}.Debug|Any CPU.Build.0 = Debug|Any CPU
		{3E47AE60-ACBA-4581-A91A-81B30F04CE08}.Release|Any CPU.ActiveCfg = Release|Any CPU
		{3E47AE60-ACBA-4581-A91A-81B30F04CE08}.Release|Any CPU.Build.0 = Release|Any CPU
		{B99C7D0E-E02E-46FF-96F2-C28B0408A3A5}.Debug|Any CPU.ActiveCfg = Debug|Any CPU
		{B99C7D0E-E02E-46FF-96F2-C28B0408A3A5}.Debug|Any CPU.Build.0 = Debug|Any CPU
		{B99C7D0E-E02E-46FF-96F2-C28B0408A3A5}.Release|Any CPU.ActiveCfg = Release|Any CPU
		{B99C7D0E-E02E-46FF-96F2-C28B0408A3A5}.Release|Any CPU.Build.0 = Release|Any CPU
		{7AA94208-C9E6-46A2-A54D-D2DCE1F7DDA6}.Debug|Any CPU.ActiveCfg = Debug|Any CPU
		{7AA94208-C9E6-46A2-A54D-D2DCE1F7DDA6}.Debug|Any CPU.Build.0 = Debug|Any CPU
		{7AA94208-C9E6-46A2-A54D-D2DCE1F7DDA6}.Release|Any CPU.ActiveCfg = Release|Any CPU
		{7AA94208-C9E6-46A2-A54D-D2DCE1F7DDA6}.Release|Any CPU.Build.0 = Release|Any CPU
		{11C85E7F-E1F7-4524-A29B-B61469B0FFF8}.Debug|Any CPU.ActiveCfg = Debug|Any CPU
		{11C85E7F-E1F7-4524-A29B-B61469B0FFF8}.Debug|Any CPU.Build.0 = Debug|Any CPU
		{11C85E7F-E1F7-4524-A29B-B61469B0FFF8}.Release|Any CPU.ActiveCfg = Release|Any CPU
		{11C85E7F-E1F7-4524-A29B-B61469B0FFF8}.Release|Any CPU.Build.0 = Release|Any CPU
		{CFAB82BA-BAAF-469A-B813-3BA9590AA83E}.Debug|Any CPU.ActiveCfg = Debug|Any CPU
		{CFAB82BA-BAAF-469A-B813-3BA9590AA83E}.Debug|Any CPU.Build.0 = Debug|Any CPU
		{CFAB82BA-BAAF-469A-B813-3BA9590AA83E}.Release|Any CPU.ActiveCfg = Release|Any CPU
		{CFAB82BA-BAAF-469A-B813-3BA9590AA83E}.Release|Any CPU.Build.0 = Release|Any CPU
	EndGlobalSection
	GlobalSection(SolutionProperties) = preSolution
		HideSolutionNode = FALSE
	EndGlobalSection
	GlobalSection(NestedProjects) = preSolution
		{4F443FE5-2A6D-4617-8718-C6EEBFD3D600} = {79C29C82-4DC8-4112-898C-8C4EDE8EBA2A}
		{39270D6F-6E0B-481D-8B2D-270608C24588} = {79C29C82-4DC8-4112-898C-8C4EDE8EBA2A}
		{FA060989-FAB7-4D9F-9939-2C62613AD637} = {79C29C82-4DC8-4112-898C-8C4EDE8EBA2A}
		{5308E74F-3676-4D32-A900-BBA9BB421996} = {79C29C82-4DC8-4112-898C-8C4EDE8EBA2A}
		{4E56D23F-6C8A-41ED-B2C4-7B9099EF0F74} = {79C29C82-4DC8-4112-898C-8C4EDE8EBA2A}
		{3E47AE60-ACBA-4581-A91A-81B30F04CE08} = {79C29C82-4DC8-4112-898C-8C4EDE8EBA2A}
		{B99C7D0E-E02E-46FF-96F2-C28B0408A3A5} = {79C29C82-4DC8-4112-898C-8C4EDE8EBA2A}
		{7AA94208-C9E6-46A2-A54D-D2DCE1F7DDA6} = {79C29C82-4DC8-4112-898C-8C4EDE8EBA2A}
		{11C85E7F-E1F7-4524-A29B-B61469B0FFF8} = {79C29C82-4DC8-4112-898C-8C4EDE8EBA2A}
		{CFAB82BA-BAAF-469A-B813-3BA9590AA83E} = {79C29C82-4DC8-4112-898C-8C4EDE8EBA2A}
	EndGlobalSection
	GlobalSection(ExtensibilityGlobals) = postSolution
		SolutionGuid = {4D19C3EE-989E-4DFD-AA7E-01167A2B7B06}
	EndGlobalSection
EndGlobal
