
Microsoft Visual Studio Solution File, Format Version 12.00
# Visual Studio Version 17
VisualStudioVersion = 17.9.34616.47
MinimumVisualStudioVersion = 10.0.40219.1
Project("{FAE04EC0-301F-11D3-BF4B-00C04F79EFBC}") = "HW31-1", "HW31-1\HW31-1.csproj", "{11CCCD21-9F79-4AC5-88A6-960757CEE727}"
EndProject
Project("{FAE04EC0-301F-11D3-BF4B-00C04F79EFBC}") = "HW31-2", "HW31-2\HW31-2.csproj", "{5CA81B48-7256-485E-BB7B-BA18AB9D2FDF}"
EndProject
Project("{FAE04EC0-301F-11D3-BF4B-00C04F79EFBC}") = "HW31-3", "HW31-3\HW31-3.csproj", "{11ADE785-BFCC-4661-9144-B71BF4F73B85}"
EndProject
Project("{FAE04EC0-301F-11D3-BF4B-00C04F79EFBC}") = "HW31-4", "HW31-4\HW31-4.csproj", "{B5A90149-A88C-4C5B-A558-A7A03B10FA5D}"
EndProject
Global
	GlobalSection(SolutionConfigurationPlatforms) = preSolution
		Debug|Any CPU = Debug|Any CPU
		Release|Any CPU = Release|Any CPU
	EndGlobalSection
	GlobalSection(ProjectConfigurationPlatforms) = postSolution
		{11CCCD21-9F79-4AC5-88A6-960757CEE727}.Debug|Any CPU.ActiveCfg = Debug|Any CPU
		{11CCCD21-9F79-4AC5-88A6-960757CEE727}.Debug|Any CPU.Build.0 = Debug|Any CPU
		{11CCCD21-9F79-4AC5-88A6-960757CEE727}.Release|Any CPU.ActiveCfg = Release|Any CPU
		{11CCCD21-9F79-4AC5-88A6-960757CEE727}.Release|Any CPU.Build.0 = Release|Any CPU
		{5CA81B48-7256-485E-BB7B-BA18AB9D2FDF}.Debug|Any CPU.ActiveCfg = Debug|Any CPU
		{5CA81B48-7256-485E-BB7B-BA18AB9D2FDF}.Debug|Any CPU.Build.0 = Debug|Any CPU
		{5CA81B48-7256-485E-BB7B-BA18AB9D2FDF}.Release|Any CPU.ActiveCfg = Release|Any CPU
		{5CA81B48-7256-485E-BB7B-BA18AB9D2FDF}.Release|Any CPU.Build.0 = Release|Any CPU
		{11ADE785-BFCC-4661-9144-B71BF4F73B85}.Debug|Any CPU.ActiveCfg = Debug|Any CPU
		{11ADE785-BFCC-4661-9144-B71BF4F73B85}.Debug|Any CPU.Build.0 = Debug|Any CPU
		{11ADE785-BFCC-4661-9144-B71BF4F73B85}.Release|Any CPU.ActiveCfg = Release|Any CPU
		{11ADE785-BFCC-4661-9144-B71BF4F73B85}.Release|Any CPU.Build.0 = Release|Any CPU
		{B5A90149-A88C-4C5B-A558-A7A03B10FA5D}.Debug|Any CPU.ActiveCfg = Debug|Any CPU
		{B5A90149-A88C-4C5B-A558-A7A03B10FA5D}.Debug|Any CPU.Build.0 = Debug|Any CPU
		{B5A90149-A88C-4C5B-A558-A7A03B10FA5D}.Release|Any CPU.ActiveCfg = Release|Any CPU
		{B5A90149-A88C-4C5B-A558-A7A03B10FA5D}.Release|Any CPU.Build.0 = Release|Any CPU
	EndGlobalSection
	GlobalSection(SolutionProperties) = preSolution
		HideSolutionNode = FALSE
	EndGlobalSection
	GlobalSection(ExtensibilityGlobals) = postSolution
		SolutionGuid = {56D470B5-2457-488D-B091-4AA20EA396A4}
	EndGlobalSection
EndGlobal
