
Microsoft Visual Studio Solution File, Format Version 12.00
# Visual Studio Version 17
VisualStudioVersion = 17.9.34728.123
MinimumVisualStudioVersion = 10.0.40219.1
Project("{9A19103F-16F7-4668-BE54-9A1E7A4F7556}") = "Асинхронное программирование", "Асинхронное программирование\Асинхронное программирование.csproj", "{E95D13CD-14EC-4702-AEF2-57E571920807}"
EndProject
Project("{FAE04EC0-301F-11D3-BF4B-00C04F79EFBC}") = "Практическое применение асинхронного метода", "Практическое применение асинхронного метода\Практическое применение асинхронного метода.csproj", "{033C3140-41EB-4469-BA0A-3A6A302612A6}"
EndProject
Project("{FAE04EC0-301F-11D3-BF4B-00C04F79EFBC}") = "Практическое применение многопоточности", "Практическое применение многопоточности\Практическое применение многопоточности.csproj", "{AB08E164-7278-4D47-988F-E61511AB4A76}"
EndProject
Global
	GlobalSection(SolutionConfigurationPlatforms) = preSolution
		Debug|Any CPU = Debug|Any CPU
		Release|Any CPU = Release|Any CPU
	EndGlobalSection
	GlobalSection(ProjectConfigurationPlatforms) = postSolution
		{E95D13CD-14EC-4702-AEF2-57E571920807}.Debug|Any CPU.ActiveCfg = Debug|Any CPU
		{E95D13CD-14EC-4702-AEF2-57E571920807}.Debug|Any CPU.Build.0 = Debug|Any CPU
		{E95D13CD-14EC-4702-AEF2-57E571920807}.Release|Any CPU.ActiveCfg = Release|Any CPU
		{E95D13CD-14EC-4702-AEF2-57E571920807}.Release|Any CPU.Build.0 = Release|Any CPU
		{033C3140-41EB-4469-BA0A-3A6A302612A6}.Debug|Any CPU.ActiveCfg = Debug|Any CPU
		{033C3140-41EB-4469-BA0A-3A6A302612A6}.Debug|Any CPU.Build.0 = Debug|Any CPU
		{033C3140-41EB-4469-BA0A-3A6A302612A6}.Release|Any CPU.ActiveCfg = Release|Any CPU
		{033C3140-41EB-4469-BA0A-3A6A302612A6}.Release|Any CPU.Build.0 = Release|Any CPU
		{AB08E164-7278-4D47-988F-E61511AB4A76}.Debug|Any CPU.ActiveCfg = Debug|Any CPU
		{AB08E164-7278-4D47-988F-E61511AB4A76}.Debug|Any CPU.Build.0 = Debug|Any CPU
		{AB08E164-7278-4D47-988F-E61511AB4A76}.Release|Any CPU.ActiveCfg = Release|Any CPU
		{AB08E164-7278-4D47-988F-E61511AB4A76}.Release|Any CPU.Build.0 = Release|Any CPU
	EndGlobalSection
	GlobalSection(SolutionProperties) = preSolution
		HideSolutionNode = FALSE
	EndGlobalSection
	GlobalSection(ExtensibilityGlobals) = postSolution
		SolutionGuid = {1F4AB236-C5B8-4E92-B81B-EA07851C5E3C}
	EndGlobalSection
EndGlobal
