
Microsoft Visual Studio Solution File, Format Version 12.00
# Visual Studio Version 17
VisualStudioVersion = 17.8.34330.188
MinimumVisualStudioVersion = 10.0.40219.1
Project("{FAE04EC0-301F-11D3-BF4B-00C04F79EFBC}") = "Practice HW22", "Practice HW22\Practice HW22.csproj", "{773BE351-C1A8-4E35-8A97-FD3695990E7C}"
EndProject
Project("{FAE04EC0-301F-11D3-BF4B-00C04F79EFBC}") = "HW22-2", "HW22-2\HW22-2.csproj", "{FD933817-3639-422A-B8C0-5CC35E723313}"
EndProject
Global
	GlobalSection(SolutionConfigurationPlatforms) = preSolution
		Debug|Any CPU = Debug|Any CPU
		Release|Any CPU = Release|Any CPU
	EndGlobalSection
	GlobalSection(ProjectConfigurationPlatforms) = postSolution
		{773BE351-C1A8-4E35-8A97-FD3695990E7C}.Debug|Any CPU.ActiveCfg = Debug|Any CPU
		{773BE351-C1A8-4E35-8A97-FD3695990E7C}.Debug|Any CPU.Build.0 = Debug|Any CPU
		{773BE351-C1A8-4E35-8A97-FD3695990E7C}.Release|Any CPU.ActiveCfg = Release|Any CPU
		{773BE351-C1A8-4E35-8A97-FD3695990E7C}.Release|Any CPU.Build.0 = Release|Any CPU
		{FD933817-3639-422A-B8C0-5CC35E723313}.Debug|Any CPU.ActiveCfg = Debug|Any CPU
		{FD933817-3639-422A-B8C0-5CC35E723313}.Debug|Any CPU.Build.0 = Debug|Any CPU
		{FD933817-3639-422A-B8C0-5CC35E723313}.Release|Any CPU.ActiveCfg = Release|Any CPU
		{FD933817-3639-422A-B8C0-5CC35E723313}.Release|Any CPU.Build.0 = Release|Any CPU
	EndGlobalSection
	GlobalSection(SolutionProperties) = preSolution
		HideSolutionNode = FALSE
	EndGlobalSection
	GlobalSection(ExtensibilityGlobals) = postSolution
		SolutionGuid = {B54E9745-2F07-49C2-AB75-2549A54579EA}
	EndGlobalSection
EndGlobal
