
Microsoft Visual Studio Solution File, Format Version 12.00
# Visual Studio Version 17
VisualStudioVersion = 17.8.34330.188
MinimumVisualStudioVersion = 10.0.40219.1
Project("{FAE04EC0-301F-11D3-BF4B-00C04F79EFBC}") = "HW9-1", "HW9\HW9-1.csproj", "{7D287BD1-0723-4C9E-B980-6FEEE6E46BC1}"
EndProject
Project("{FAE04EC0-301F-11D3-BF4B-00C04F79EFBC}") = "HW9-2", "HW9-2\HW9-2.csproj", "{75EA926E-1DED-4740-AAAB-60A487425222}"
EndProject
Global
	GlobalSection(SolutionConfigurationPlatforms) = preSolution
		Debug|Any CPU = Debug|Any CPU
		Release|Any CPU = Release|Any CPU
	EndGlobalSection
	GlobalSection(ProjectConfigurationPlatforms) = postSolution
		{7D287BD1-0723-4C9E-B980-6FEEE6E46BC1}.Debug|Any CPU.ActiveCfg = Debug|Any CPU
		{7D287BD1-0723-4C9E-B980-6FEEE6E46BC1}.Debug|Any CPU.Build.0 = Debug|Any CPU
		{7D287BD1-0723-4C9E-B980-6FEEE6E46BC1}.Release|Any CPU.ActiveCfg = Release|Any CPU
		{7D287BD1-0723-4C9E-B980-6FEEE6E46BC1}.Release|Any CPU.Build.0 = Release|Any CPU
		{75EA926E-1DED-4740-AAAB-60A487425222}.Debug|Any CPU.ActiveCfg = Debug|Any CPU
		{75EA926E-1DED-4740-AAAB-60A487425222}.Debug|Any CPU.Build.0 = Debug|Any CPU
		{75EA926E-1DED-4740-AAAB-60A487425222}.Release|Any CPU.ActiveCfg = Release|Any CPU
		{75EA926E-1DED-4740-AAAB-60A487425222}.Release|Any CPU.Build.0 = Release|Any CPU
	EndGlobalSection
	GlobalSection(SolutionProperties) = preSolution
		HideSolutionNode = FALSE
	EndGlobalSection
	GlobalSection(ExtensibilityGlobals) = postSolution
		SolutionGuid = {FAA888D0-CF5D-4CE9-B46D-1C33E9A067E5}
	EndGlobalSection
EndGlobal
