
Microsoft Visual Studio Solution File, Format Version 12.00
# Visual Studio Version 17
VisualStudioVersion = 17.8.34330.188
MinimumVisualStudioVersion = 10.0.40219.1
Project("{FAE04EC0-301F-11D3-BF4B-00C04F79EFBC}") = "Practice HW19", "Practice HW19\Practice HW19.csproj", "{CAEC7697-768A-4A81-8804-6D31DCE1A2A6}"
EndProject
Global
	GlobalSection(SolutionConfigurationPlatforms) = preSolution
		Debug|Any CPU = Debug|Any CPU
		Release|Any CPU = Release|Any CPU
	EndGlobalSection
	GlobalSection(ProjectConfigurationPlatforms) = postSolution
		{CAEC7697-768A-4A81-8804-6D31DCE1A2A6}.Debug|Any CPU.ActiveCfg = Debug|Any CPU
		{CAEC7697-768A-4A81-8804-6D31DCE1A2A6}.Debug|Any CPU.Build.0 = Debug|Any CPU
		{CAEC7697-768A-4A81-8804-6D31DCE1A2A6}.Release|Any CPU.ActiveCfg = Release|Any CPU
		{CAEC7697-768A-4A81-8804-6D31DCE1A2A6}.Release|Any CPU.Build.0 = Release|Any CPU
	EndGlobalSection
	GlobalSection(SolutionProperties) = preSolution
		HideSolutionNode = FALSE
	EndGlobalSection
	GlobalSection(ExtensibilityGlobals) = postSolution
		SolutionGuid = {C1945627-1E00-4F97-A15F-42949303A080}
	EndGlobalSection
EndGlobal
