
Microsoft Visual Studio Solution File, Format Version 12.00
# Visual Studio Version 17
VisualStudioVersion = 17.8.34330.188
MinimumVisualStudioVersion = 10.0.40219.1
Project("{FAE04EC0-301F-11D3-BF4B-00C04F79EFBC}") = "lesson26(generic обобщенность)", "lesson26(generic обобщенность)\lesson26(generic обобщенность).csproj", "{2E49D3C1-C3BB-4420-AE22-D9754A6398CF}"
EndProject
Global
	GlobalSection(SolutionConfigurationPlatforms) = preSolution
		Debug|Any CPU = Debug|Any CPU
		Release|Any CPU = Release|Any CPU
	EndGlobalSection
	GlobalSection(ProjectConfigurationPlatforms) = postSolution
		{2E49D3C1-C3BB-4420-AE22-D9754A6398CF}.Debug|Any CPU.ActiveCfg = Debug|Any CPU
		{2E49D3C1-C3BB-4420-AE22-D9754A6398CF}.Debug|Any CPU.Build.0 = Debug|Any CPU
		{2E49D3C1-C3BB-4420-AE22-D9754A6398CF}.Release|Any CPU.ActiveCfg = Release|Any CPU
		{2E49D3C1-C3BB-4420-AE22-D9754A6398CF}.Release|Any CPU.Build.0 = Release|Any CPU
	EndGlobalSection
	GlobalSection(SolutionProperties) = preSolution
		HideSolutionNode = FALSE
	EndGlobalSection
	GlobalSection(ExtensibilityGlobals) = postSolution
		SolutionGuid = {4CD08FBD-AF49-4857-9471-F199F760F76D}
	EndGlobalSection
EndGlobal
