
Microsoft Visual Studio Solution File, Format Version 12.00
# Visual Studio Version 17
VisualStudioVersion = 17.9.34616.47
MinimumVisualStudioVersion = 10.0.40219.1
Project("{FAE04EC0-301F-11D3-BF4B-00C04F79EFBC}") = "Practice HW28", "Practice HW28\Practice HW28.csproj", "{96BE6CEC-6732-4736-A328-47795C2D406A}"
EndProject
Global
	GlobalSection(SolutionConfigurationPlatforms) = preSolution
		Debug|Any CPU = Debug|Any CPU
		Release|Any CPU = Release|Any CPU
	EndGlobalSection
	GlobalSection(ProjectConfigurationPlatforms) = postSolution
		{96BE6CEC-6732-4736-A328-47795C2D406A}.Debug|Any CPU.ActiveCfg = Debug|Any CPU
		{96BE6CEC-6732-4736-A328-47795C2D406A}.Debug|Any CPU.Build.0 = Debug|Any CPU
		{96BE6CEC-6732-4736-A328-47795C2D406A}.Release|Any CPU.ActiveCfg = Release|Any CPU
		{96BE6CEC-6732-4736-A328-47795C2D406A}.Release|Any CPU.Build.0 = Release|Any CPU
	EndGlobalSection
	GlobalSection(SolutionProperties) = preSolution
		HideSolutionNode = FALSE
	EndGlobalSection
	GlobalSection(ExtensibilityGlobals) = postSolution
		SolutionGuid = {AA94E092-B4CF-4660-A6AC-C6B67EAEE0E5}
	EndGlobalSection
EndGlobal
