
Microsoft Visual Studio Solution File, Format Version 12.00
# Visual Studio Version 17
VisualStudioVersion = 17.8.34330.188
MinimumVisualStudioVersion = 10.0.40219.1
Project("{FAE04EC0-301F-11D3-BF4B-00C04F79EFBC}") = "Practice HW21", "Practice HW21\Practice HW21.csproj", "{A04D093A-D1E7-4EF6-800A-7075E436D7FB}"
EndProject
Project("{FAE04EC0-301F-11D3-BF4B-00C04F79EFBC}") = "HW21-2", "HW21-2\HW21-2.csproj", "{5FC18506-2678-481B-B2EC-1C82058DD12F}"
EndProject
Global
	GlobalSection(SolutionConfigurationPlatforms) = preSolution
		Debug|Any CPU = Debug|Any CPU
		Release|Any CPU = Release|Any CPU
	EndGlobalSection
	GlobalSection(ProjectConfigurationPlatforms) = postSolution
		{A04D093A-D1E7-4EF6-800A-7075E436D7FB}.Debug|Any CPU.ActiveCfg = Debug|Any CPU
		{A04D093A-D1E7-4EF6-800A-7075E436D7FB}.Debug|Any CPU.Build.0 = Debug|Any CPU
		{A04D093A-D1E7-4EF6-800A-7075E436D7FB}.Release|Any CPU.ActiveCfg = Release|Any CPU
		{A04D093A-D1E7-4EF6-800A-7075E436D7FB}.Release|Any CPU.Build.0 = Release|Any CPU
		{5FC18506-2678-481B-B2EC-1C82058DD12F}.Debug|Any CPU.ActiveCfg = Debug|Any CPU
		{5FC18506-2678-481B-B2EC-1C82058DD12F}.Debug|Any CPU.Build.0 = Debug|Any CPU
		{5FC18506-2678-481B-B2EC-1C82058DD12F}.Release|Any CPU.ActiveCfg = Release|Any CPU
		{5FC18506-2678-481B-B2EC-1C82058DD12F}.Release|Any CPU.Build.0 = Release|Any CPU
	EndGlobalSection
	GlobalSection(SolutionProperties) = preSolution
		HideSolutionNode = FALSE
	EndGlobalSection
	GlobalSection(ExtensibilityGlobals) = postSolution
		SolutionGuid = {A96F79DB-C7F9-4E64-A784-801DE9DD6754}
	EndGlobalSection
EndGlobal
