
Microsoft Visual Studio Solution File, Format Version 12.00
# Visual Studio Version 17
VisualStudioVersion = 17.8.34330.188
MinimumVisualStudioVersion = 10.0.40219.1
Project("{FAE04EC0-301F-11D3-BF4B-00C04F79EFBC}") = "Practice HW12.3", "Practice HW12.3\Practice HW12.3.csproj", "{E2281B4F-D157-441E-BD3A-9050CCD0ACC4}"
EndProject
Global
	GlobalSection(SolutionConfigurationPlatforms) = preSolution
		Debug|Any CPU = Debug|Any CPU
		Release|Any CPU = Release|Any CPU
	EndGlobalSection
	GlobalSection(ProjectConfigurationPlatforms) = postSolution
		{E2281B4F-D157-441E-BD3A-9050CCD0ACC4}.Debug|Any CPU.ActiveCfg = Debug|Any CPU
		{E2281B4F-D157-441E-BD3A-9050CCD0ACC4}.Debug|Any CPU.Build.0 = Debug|Any CPU
		{E2281B4F-D157-441E-BD3A-9050CCD0ACC4}.Release|Any CPU.ActiveCfg = Release|Any CPU
		{E2281B4F-D157-441E-BD3A-9050CCD0ACC4}.Release|Any CPU.Build.0 = Release|Any CPU
	EndGlobalSection
	GlobalSection(SolutionProperties) = preSolution
		HideSolutionNode = FALSE
	EndGlobalSection
	GlobalSection(ExtensibilityGlobals) = postSolution
		SolutionGuid = {AA2D786D-1D29-4F23-A4F0-BC897D9B1D0B}
	EndGlobalSection
EndGlobal
