
Microsoft Visual Studio Solution File, Format Version 12.00
# Visual Studio Version 17
VisualStudioVersion = 17.8.34330.188
MinimumVisualStudioVersion = 10.0.40219.1
Project("{FAE04EC0-301F-11D3-BF4B-00C04F79EFBC}") = "Practice HW26", "Practice HW26\Practice HW26.csproj", "{CD768E07-C1DB-43E8-92FD-466593A10164}"
EndProject
Global
	GlobalSection(SolutionConfigurationPlatforms) = preSolution
		Debug|Any CPU = Debug|Any CPU
		Release|Any CPU = Release|Any CPU
	EndGlobalSection
	GlobalSection(ProjectConfigurationPlatforms) = postSolution
		{CD768E07-C1DB-43E8-92FD-466593A10164}.Debug|Any CPU.ActiveCfg = Debug|Any CPU
		{CD768E07-C1DB-43E8-92FD-466593A10164}.Debug|Any CPU.Build.0 = Debug|Any CPU
		{CD768E07-C1DB-43E8-92FD-466593A10164}.Release|Any CPU.ActiveCfg = Release|Any CPU
		{CD768E07-C1DB-43E8-92FD-466593A10164}.Release|Any CPU.Build.0 = Release|Any CPU
	EndGlobalSection
	GlobalSection(SolutionProperties) = preSolution
		HideSolutionNode = FALSE
	EndGlobalSection
	GlobalSection(ExtensibilityGlobals) = postSolution
		SolutionGuid = {21184F13-0DFA-40F6-AE91-868B741E8B56}
	EndGlobalSection
EndGlobal
