
Microsoft Visual Studio Solution File, Format Version 12.00
# Visual Studio Version 17
VisualStudioVersion = 17.8.34330.188
MinimumVisualStudioVersion = 10.0.40219.1
Project("{FAE04EC0-301F-11D3-BF4B-00C04F79EFBC}") = "HW20-2", "HW20-2\HW20-2.csproj", "{B160D17D-D0E2-4530-B873-BEEE417B9155}"
EndProject
Global
	GlobalSection(SolutionConfigurationPlatforms) = preSolution
		Debug|Any CPU = Debug|Any CPU
		Release|Any CPU = Release|Any CPU
	EndGlobalSection
	GlobalSection(ProjectConfigurationPlatforms) = postSolution
		{B160D17D-D0E2-4530-B873-BEEE417B9155}.Debug|Any CPU.ActiveCfg = Debug|Any CPU
		{B160D17D-D0E2-4530-B873-BEEE417B9155}.Debug|Any CPU.Build.0 = Debug|Any CPU
		{B160D17D-D0E2-4530-B873-BEEE417B9155}.Release|Any CPU.ActiveCfg = Release|Any CPU
		{B160D17D-D0E2-4530-B873-BEEE417B9155}.Release|Any CPU.Build.0 = Release|Any CPU
	EndGlobalSection
	GlobalSection(SolutionProperties) = preSolution
		HideSolutionNode = FALSE
	EndGlobalSection
	GlobalSection(ExtensibilityGlobals) = postSolution
		SolutionGuid = {7A6EF383-5CA1-48AC-AC42-250515FCAAB6}
	EndGlobalSection
EndGlobal
