
Microsoft Visual Studio Solution File, Format Version 12.00
# Visual Studio Version 17
VisualStudioVersion = 17.8.34330.188
MinimumVisualStudioVersion = 10.0.40219.1
Project("{FAE04EC0-301F-11D3-BF4B-00C04F79EFBC}") = "HW7-1", "HW\HW7-1.csproj", "{DF7B83AE-2518-4C46-84E0-4422B51B2BB9}"
EndProject
Project("{2150E333-8FDC-42A3-9474-1A3956D46DE8}") = "HW7", "HW7", "{EC98CED1-191E-4B17-9250-DEE58D85E582}"
EndProject
Global
	GlobalSection(SolutionConfigurationPlatforms) = preSolution
		Debug|Any CPU = Debug|Any CPU
		Release|Any CPU = Release|Any CPU
	EndGlobalSection
	GlobalSection(ProjectConfigurationPlatforms) = postSolution
		{DF7B83AE-2518-4C46-84E0-4422B51B2BB9}.Debug|Any CPU.ActiveCfg = Debug|Any CPU
		{DF7B83AE-2518-4C46-84E0-4422B51B2BB9}.Debug|Any CPU.Build.0 = Debug|Any CPU
		{DF7B83AE-2518-4C46-84E0-4422B51B2BB9}.Release|Any CPU.ActiveCfg = Release|Any CPU
		{DF7B83AE-2518-4C46-84E0-4422B51B2BB9}.Release|Any CPU.Build.0 = Release|Any CPU
	EndGlobalSection
	GlobalSection(SolutionProperties) = preSolution
		HideSolutionNode = FALSE
	EndGlobalSection
	GlobalSection(NestedProjects) = preSolution
		{DF7B83AE-2518-4C46-84E0-4422B51B2BB9} = {EC98CED1-191E-4B17-9250-DEE58D85E582}
	EndGlobalSection
	GlobalSection(ExtensibilityGlobals) = postSolution
		SolutionGuid = {B8BB5744-0BC9-4EA4-9B00-6FFFCEFECD0F}
	EndGlobalSection
EndGlobal
